
Microsoft Visual Studio Solution File, Format Version 12.00
# Visual Studio Version 17
VisualStudioVersion = 17.10.35122.118
MinimumVisualStudioVersion = 10.0.40219.1
Project("{FAE04EC0-301F-11D3-BF4B-00C04F79EFBC}") = "CURDCORE", "CURDCORE\CURDCORE.csproj", "{619B1C1A-9C54-4C38-B6B6-5FE03DC81B7C}"
EndProject
Global
	GlobalSection(SolutionConfigurationPlatforms) = preSolution
		Debug|Any CPU = Debug|Any CPU
		Release|Any CPU = Release|Any CPU
	EndGlobalSection
	GlobalSection(ProjectConfigurationPlatforms) = postSolution
		{619B1C1A-9C54-4C38-B6B6-5FE03DC81B7C}.Debug|Any CPU.ActiveCfg = Debug|Any CPU
		{619B1C1A-9C54-4C38-B6B6-5FE03DC81B7C}.Debug|Any CPU.Build.0 = Debug|Any CPU
		{619B1C1A-9C54-4C38-B6B6-5FE03DC81B7C}.Release|Any CPU.ActiveCfg = Release|Any CPU
		{619B1C1A-9C54-4C38-B6B6-5FE03DC81B7C}.Release|Any CPU.Build.0 = Release|Any CPU
	EndGlobalSection
	GlobalSection(SolutionProperties) = preSolution
		HideSolutionNode = FALSE
	EndGlobalSection
	GlobalSection(ExtensibilityGlobals) = postSolution
		SolutionGuid = {A6B1E1BE-BDD9-4A28-B604-4C70E9030509}
	EndGlobalSection
EndGlobal
